
Microsoft Visual Studio Solution File, Format Version 12.00
# Visual Studio 15
VisualStudioVersion = 15.0.26730.12
MinimumVisualStudioVersion = 10.0.40219.1
Project("{FAE04EC0-301F-11D3-BF4B-00C04F79EFBC}") = "JumpGameII", "JumpGameII\JumpGameII.csproj", "{487FE1DC-1813-48EA-A241-02AB414B1FEE}"
EndProject
Global
	GlobalSection(SolutionConfigurationPlatforms) = preSolution
		Debug|Any CPU = Debug|Any CPU
		Release|Any CPU = Release|Any CPU
	EndGlobalSection
	GlobalSection(ProjectConfigurationPlatforms) = postSolution
		{487FE1DC-1813-48EA-A241-02AB414B1FEE}.Debug|Any CPU.ActiveCfg = Debug|Any CPU
		{487FE1DC-1813-48EA-A241-02AB414B1FEE}.Debug|Any CPU.Build.0 = Debug|Any CPU
		{487FE1DC-1813-48EA-A241-02AB414B1FEE}.Release|Any CPU.ActiveCfg = Release|Any CPU
		{487FE1DC-1813-48EA-A241-02AB414B1FEE}.Release|Any CPU.Build.0 = Release|Any CPU
	EndGlobalSection
	GlobalSection(SolutionProperties) = preSolution
		HideSolutionNode = FALSE
	EndGlobalSection
	GlobalSection(ExtensibilityGlobals) = postSolution
		SolutionGuid = {924147F3-ACFC-485A-ABC6-8039731E73E3}
	EndGlobalSection
EndGlobal
